
Microsoft Visual Studio Solution File, Format Version 12.00
# Visual Studio Version 16
VisualStudioVersion = 16.0.32630.194
MinimumVisualStudioVersion = 10.0.40219.1
Project("{FAE04EC0-301F-11D3-BF4B-00C04F79EFBC}") = "ImageMarker", "ImageMarker\ImageMarker.csproj", "{16EF6846-5DBC-4A8C-9C3C-2C1C7A0C7168}"
EndProject
Global
	GlobalSection(SolutionConfigurationPlatforms) = preSolution
		Debug|Any CPU = Debug|Any CPU
		Debug|x64 = Debug|x64
		Release|Any CPU = Release|Any CPU
		Release|x64 = Release|x64
	EndGlobalSection
	GlobalSection(ProjectConfigurationPlatforms) = postSolution
		{16EF6846-5DBC-4A8C-9C3C-2C1C7A0C7168}.Debug|Any CPU.ActiveCfg = Debug|Any CPU
		{16EF6846-5DBC-4A8C-9C3C-2C1C7A0C7168}.Debug|Any CPU.Build.0 = Debug|Any CPU
		{16EF6846-5DBC-4A8C-9C3C-2C1C7A0C7168}.Debug|x64.ActiveCfg = Debug|Any CPU
		{16EF6846-5DBC-4A8C-9C3C-2C1C7A0C7168}.Debug|x64.Build.0 = Debug|Any CPU
		{16EF6846-5DBC-4A8C-9C3C-2C1C7A0C7168}.Release|Any CPU.ActiveCfg = Release|Any CPU
		{16EF6846-5DBC-4A8C-9C3C-2C1C7A0C7168}.Release|Any CPU.Build.0 = Release|Any CPU
		{16EF6846-5DBC-4A8C-9C3C-2C1C7A0C7168}.Release|x64.ActiveCfg = Release|Any CPU
		{16EF6846-5DBC-4A8C-9C3C-2C1C7A0C7168}.Release|x64.Build.0 = Release|Any CPU
	EndGlobalSection
	GlobalSection(SolutionProperties) = preSolution
		HideSolutionNode = FALSE
	EndGlobalSection
	GlobalSection(ExtensibilityGlobals) = postSolution
		SolutionGuid = {4BCFEEB8-B302-4DA9-BF1F-CA8CED94EDD4}
	EndGlobalSection
EndGlobal
